
Microsoft Visual Studio Solution File, Format Version 12.00
# Visual Studio 15
Project("{FAE04EC0-301F-11D3-BF4B-00C04F79EFBC}") = "UnityEngine.UI", "UnityEngine.UI.csproj", "{D88339F6-E306-1FA6-0889-C98269EAD6C4}"
EndProject
Project("{FAE04EC0-301F-11D3-BF4B-00C04F79EFBC}") = "Unity.RenderPipelines.Core.Runtime", "Unity.RenderPipelines.Core.Runtime.csproj", "{F7969B40-0E8F-7718-8A8F-510D4DAAFBDB}"
EndProject
Project("{FAE04EC0-301F-11D3-BF4B-00C04F79EFBC}") = "UnityEngine.TestRunner", "UnityEngine.TestRunner.csproj", "{A17A8BEC-73FF-489B-C9BD-F5B907D708E7}"
EndProject
Project("{FAE04EC0-301F-11D3-BF4B-00C04F79EFBC}") = "Unity.Mathematics", "Unity.Mathematics.csproj", "{8F35ECE9-F96D-64E8-44D0-136AF402C810}"
EndProject
Project("{FAE04EC0-301F-11D3-BF4B-00C04F79EFBC}") = "Unity.VisualScripting.State", "Unity.VisualScripting.State.csproj", "{42E528A6-8476-4D43-ADB7-CC38D24B7744}"
EndProject
Project("{FAE04EC0-301F-11D3-BF4B-00C04F79EFBC}") = "Unity.VisualScripting.Core", "Unity.VisualScripting.Core.csproj", "{EFD6A7FF-7D40-4845-8786-FA07AE7042F3}"
EndProject
Project("{FAE04EC0-301F-11D3-BF4B-00C04F79EFBC}") = "Unity.RenderPipelines.Universal.Runtime", "Unity.RenderPipelines.Universal.Runtime.csproj", "{8D3C04B0-4363-A479-1BE4-DCB609D338A0}"
EndProject
Project("{FAE04EC0-301F-11D3-BF4B-00C04F79EFBC}") = "Unity.VisualScripting.Flow", "Unity.VisualScripting.Flow.csproj", "{9D5CFF3C-0ECE-22BE-9BF4-2387FC857836}"
EndProject
Project("{FAE04EC0-301F-11D3-BF4B-00C04F79EFBC}") = "Unity.TextMeshPro", "Unity.TextMeshPro.csproj", "{D9E35C41-2861-93E5-DB41-A5B70C7F17E7}"
EndProject
Project("{FAE04EC0-301F-11D3-BF4B-00C04F79EFBC}") = "Unity.Timeline", "Unity.Timeline.csproj", "{FB9DB03C-7FDE-8E7E-94FC-B4D212254121}"
EndProject
Project("{FAE04EC0-301F-11D3-BF4B-00C04F79EFBC}") = "Unity.RenderPipeline.Universal.ShaderLibrary", "Unity.RenderPipeline.Universal.ShaderLibrary.csproj", "{DB7DCB7C-0451-5A45-39AE-CA345B6D50E7}"
EndProject
Project("{FAE04EC0-301F-11D3-BF4B-00C04F79EFBC}") = "Unity.RenderPipelines.Core.ShaderLibrary", "Unity.RenderPipelines.Core.ShaderLibrary.csproj", "{A30DCFBE-5517-6F18-A7DE-0E422CA3AB71}"
EndProject
Project("{FAE04EC0-301F-11D3-BF4B-00C04F79EFBC}") = "Assembly-CSharp", "Assembly-CSharp.csproj", "{606F696C-6C6F-6E2D-CA4A-325AACF191A8}"
EndProject
Project("{FAE04EC0-301F-11D3-BF4B-00C04F79EFBC}") = "Unity.RenderPipelines.Universal.Shaders", "Unity.RenderPipelines.Universal.Shaders.csproj", "{530C3A8F-989C-DF00-84FF-C44A497035D3}"
EndProject
Project("{FAE04EC0-301F-11D3-BF4B-00C04F79EFBC}") = "Unity.RenderPipelines.ShaderGraph.ShaderGraphLibrary", "Unity.RenderPipelines.ShaderGraph.ShaderGraphLibrary.csproj", "{04C8BE2B-6EFA-0091-EC28-6F35025A08BB}"
EndProject
Project("{FAE04EC0-301F-11D3-BF4B-00C04F79EFBC}") = "Unity.VisualScripting.Core.Editor", "Unity.VisualScripting.Core.Editor.csproj", "{277675A5-BD62-E750-3E76-95AE6B6F22DC}"
EndProject
Project("{FAE04EC0-301F-11D3-BF4B-00C04F79EFBC}") = "Unity.ShaderGraph.Editor", "Unity.ShaderGraph.Editor.csproj", "{5FCE73CF-CECE-C9F1-892B-67C441301B4A}"
EndProject
Project("{FAE04EC0-301F-11D3-BF4B-00C04F79EFBC}") = "Unity.VisualStudio.Editor", "Unity.VisualStudio.Editor.csproj", "{4E36C1A3-A020-D387-6395-A014EA9488BF}"
EndProject
Project("{FAE04EC0-301F-11D3-BF4B-00C04F79EFBC}") = "Unity.Timeline.Editor", "Unity.Timeline.Editor.csproj", "{A244175D-352A-089C-EEAF-35E869917A8C}"
EndProject
Project("{FAE04EC0-301F-11D3-BF4B-00C04F79EFBC}") = "Unity.VisualScripting.State.Editor", "Unity.VisualScripting.State.Editor.csproj", "{48E07743-71FB-57D5-F81F-579E8CE58E9B}"
EndProject
Project("{FAE04EC0-301F-11D3-BF4B-00C04F79EFBC}") = "Unity.TextMeshPro.Editor", "Unity.TextMeshPro.Editor.csproj", "{EAEAA270-06E4-305A-9BA3-1308372EC8B2}"
EndProject
Project("{FAE04EC0-301F-11D3-BF4B-00C04F79EFBC}") = "VSSettingsProvider", "VSSettingsProvider.csproj", "{1EA29D03-7C35-0974-84B2-B449EFC04F6F}"
EndProject
Project("{FAE04EC0-301F-11D3-BF4B-00C04F79EFBC}") = "Unity.CollabProxy.Editor", "Unity.CollabProxy.Editor.csproj", "{AA20098C-AFBB-FDCD-BAF0-31A4A1A05A73}"
EndProject
Project("{FAE04EC0-301F-11D3-BF4B-00C04F79EFBC}") = "UnityEditor.TestRunner", "UnityEditor.TestRunner.csproj", "{A15E0183-E481-BF32-DADC-4E23CFE4661F}"
EndProject
Project("{FAE04EC0-301F-11D3-BF4B-00C04F79EFBC}") = "Unity.VisualScripting.Flow.Editor", "Unity.VisualScripting.Flow.Editor.csproj", "{6E3D37A5-B4D3-E36A-ABF4-891BE9572B18}"
EndProject
Project("{FAE04EC0-301F-11D3-BF4B-00C04F79EFBC}") = "Unity.Rider.Editor", "Unity.Rider.Editor.csproj", "{343AD933-96EB-0F06-7E3A-541F7654D610}"
EndProject
Project("{FAE04EC0-301F-11D3-BF4B-00C04F79EFBC}") = "Unity.RenderPipelines.Universal.Editor", "Unity.RenderPipelines.Universal.Editor.csproj", "{2AF150A1-D4A8-5980-A3AF-65EBBF691BE4}"
EndProject
Project("{FAE04EC0-301F-11D3-BF4B-00C04F79EFBC}") = "Unity.RenderPipelines.Core.Editor", "Unity.RenderPipelines.Core.Editor.csproj", "{E9EA3017-014D-6394-EC72-9EC69924E40E}"
EndProject
Project("{FAE04EC0-301F-11D3-BF4B-00C04F79EFBC}") = "Unity.Searcher.Editor", "Unity.Searcher.Editor.csproj", "{49EDAA4B-1064-781D-5151-C81FB4C6A1DB}"
EndProject
Project("{FAE04EC0-301F-11D3-BF4B-00C04F79EFBC}") = "Unity.VSCode.Editor", "Unity.VSCode.Editor.csproj", "{0FB6443C-1E60-9153-07CB-0C4E9A4BFF2A}"
EndProject
Project("{FAE04EC0-301F-11D3-BF4B-00C04F79EFBC}") = "UnityEditor.UI", "UnityEditor.UI.csproj", "{1F778202-9B9B-5A2D-0DE0-91DEE9DA86EB}"
EndProject
Project("{FAE04EC0-301F-11D3-BF4B-00C04F79EFBC}") = "Unity.Mathematics.Editor", "Unity.Mathematics.Editor.csproj", "{974EC120-55DF-5F82-E435-4F9B7D0482B9}"
EndProject
Project("{FAE04EC0-301F-11D3-BF4B-00C04F79EFBC}") = "Unity.ShaderGraph.Utilities", "Unity.ShaderGraph.Utilities.csproj", "{D4619D5A-B428-AEC1-5AD8-0752E3E17962}"
EndProject
Project("{FAE04EC0-301F-11D3-BF4B-00C04F79EFBC}") = "UnityEngine.UI", "UnityEngine.UI.Player.csproj", "{ADC50B5F-0524-13C1-3022-5FC340A519F9}"
EndProject
Project("{FAE04EC0-301F-11D3-BF4B-00C04F79EFBC}") = "Unity.RenderPipelines.Core.Runtime", "Unity.RenderPipelines.Core.Runtime.Player.csproj", "{1A4B5E4E-021F-6D79-1D95-78734DA55AE8}"
EndProject
Project("{FAE04EC0-301F-11D3-BF4B-00C04F79EFBC}") = "UnityEngine.TestRunner", "UnityEngine.TestRunner.Player.csproj", "{EC37F916-43B5-1002-97F0-09ED2AE58A05}"
EndProject
Project("{FAE04EC0-301F-11D3-BF4B-00C04F79EFBC}") = "Unity.Mathematics", "Unity.Mathematics.Player.csproj", "{C508DDC0-D3DB-D319-E17E-96C80A530733}"
EndProject
Project("{FAE04EC0-301F-11D3-BF4B-00C04F79EFBC}") = "Unity.VisualScripting.State", "Unity.VisualScripting.State.Player.csproj", "{6304A077-3888-03CB-B170-5C95CBFE7756}"
EndProject
Project("{FAE04EC0-301F-11D3-BF4B-00C04F79EFBC}") = "Unity.VisualScripting.Core", "Unity.VisualScripting.Core.Player.csproj", "{8376EE44-8DBF-2B71-96E7-DA646CC3EA59}"
EndProject
Project("{FAE04EC0-301F-11D3-BF4B-00C04F79EFBC}") = "Unity.RenderPipelines.Universal.Runtime", "Unity.RenderPipelines.Universal.Runtime.Player.csproj", "{A74E69A7-EA2D-4394-0EB0-B4FF72D8CB0B}"
EndProject
Project("{FAE04EC0-301F-11D3-BF4B-00C04F79EFBC}") = "Unity.VisualScripting.Flow", "Unity.VisualScripting.Flow.Player.csproj", "{D0693686-08FB-A21A-70F3-CFC1863CB8CC}"
EndProject
Project("{FAE04EC0-301F-11D3-BF4B-00C04F79EFBC}") = "Unity.TextMeshPro", "Unity.TextMeshPro.Player.csproj", "{4DB8628F-97A7-2A47-E7CF-98A3F1EFFE17}"
EndProject
Project("{FAE04EC0-301F-11D3-BF4B-00C04F79EFBC}") = "Unity.Timeline", "Unity.Timeline.Player.csproj", "{5AF48B6E-61C0-3045-95EE-CECE219D1E98}"
EndProject
Project("{FAE04EC0-301F-11D3-BF4B-00C04F79EFBC}") = "Unity.RenderPipeline.Universal.ShaderLibrary", "Unity.RenderPipeline.Universal.ShaderLibrary.Player.csproj", "{1F1FD57A-D05C-E8F8-3140-F3E327837A51}"
EndProject
Project("{FAE04EC0-301F-11D3-BF4B-00C04F79EFBC}") = "Unity.RenderPipelines.Core.ShaderLibrary", "Unity.RenderPipelines.Core.ShaderLibrary.Player.csproj", "{675CEF5C-1747-0F81-3CBA-5D5B494EB7E8}"
EndProject
Project("{FAE04EC0-301F-11D3-BF4B-00C04F79EFBC}") = "Assembly-CSharp", "Assembly-CSharp.Player.csproj", "{ED595642-8B34-A0CA-D8AF-1CE3C15473FB}"
EndProject
Project("{FAE04EC0-301F-11D3-BF4B-00C04F79EFBC}") = "Unity.RenderPipelines.Universal.Shaders", "Unity.RenderPipelines.Universal.Shaders.Player.csproj", "{F7F4AEFD-FEF9-0124-C03C-AF96D71C4F32}"
EndProject
Project("{FAE04EC0-301F-11D3-BF4B-00C04F79EFBC}") = "Unity.RenderPipelines.ShaderGraph.ShaderGraphLibrary", "Unity.RenderPipelines.ShaderGraph.ShaderGraphLibrary.Player.csproj", "{DB5B2523-7214-F119-7A14-4E7B8E920BA9}"
EndProject
Global
	GlobalSection(SolutionConfigurationPlatforms) = preSolution
		Debug|Any CPU = Debug|Any CPU
		Release|Any CPU = Release|Any CPU
	EndGlobalSection
	GlobalSection(ProjectConfigurationPlatforms) = postSolution
		{D88339F6-E306-1FA6-0889-C98269EAD6C4}.Debug|Any CPU.ActiveCfg = Debug|Any CPU
		{D88339F6-E306-1FA6-0889-C98269EAD6C4}.Debug|Any CPU.Build.0 = Debug|Any CPU
		{D88339F6-E306-1FA6-0889-C98269EAD6C4}.Release|Any CPU.ActiveCfg = Release|Any CPU
		{D88339F6-E306-1FA6-0889-C98269EAD6C4}.Release|Any CPU.Build.0 = Release|Any CPU
		{F7969B40-0E8F-7718-8A8F-510D4DAAFBDB}.Debug|Any CPU.ActiveCfg = Debug|Any CPU
		{F7969B40-0E8F-7718-8A8F-510D4DAAFBDB}.Debug|Any CPU.Build.0 = Debug|Any CPU
		{F7969B40-0E8F-7718-8A8F-510D4DAAFBDB}.Release|Any CPU.ActiveCfg = Release|Any CPU
		{F7969B40-0E8F-7718-8A8F-510D4DAAFBDB}.Release|Any CPU.Build.0 = Release|Any CPU
		{A17A8BEC-73FF-489B-C9BD-F5B907D708E7}.Debug|Any CPU.ActiveCfg = Debug|Any CPU
		{A17A8BEC-73FF-489B-C9BD-F5B907D708E7}.Debug|Any CPU.Build.0 = Debug|Any CPU
		{A17A8BEC-73FF-489B-C9BD-F5B907D708E7}.Release|Any CPU.ActiveCfg = Release|Any CPU
		{A17A8BEC-73FF-489B-C9BD-F5B907D708E7}.Release|Any CPU.Build.0 = Release|Any CPU
		{8F35ECE9-F96D-64E8-44D0-136AF402C810}.Debug|Any CPU.ActiveCfg = Debug|Any CPU
		{8F35ECE9-F96D-64E8-44D0-136AF402C810}.Debug|Any CPU.Build.0 = Debug|Any CPU
		{8F35ECE9-F96D-64E8-44D0-136AF402C810}.Release|Any CPU.ActiveCfg = Release|Any CPU
		{8F35ECE9-F96D-64E8-44D0-136AF402C810}.Release|Any CPU.Build.0 = Release|Any CPU
		{42E528A6-8476-4D43-ADB7-CC38D24B7744}.Debug|Any CPU.ActiveCfg = Debug|Any CPU
		{42E528A6-8476-4D43-ADB7-CC38D24B7744}.Debug|Any CPU.Build.0 = Debug|Any CPU
		{42E528A6-8476-4D43-ADB7-CC38D24B7744}.Release|Any CPU.ActiveCfg = Release|Any CPU
		{42E528A6-8476-4D43-ADB7-CC38D24B7744}.Release|Any CPU.Build.0 = Release|Any CPU
		{EFD6A7FF-7D40-4845-8786-FA07AE7042F3}.Debug|Any CPU.ActiveCfg = Debug|Any CPU
		{EFD6A7FF-7D40-4845-8786-FA07AE7042F3}.Debug|Any CPU.Build.0 = Debug|Any CPU
		{EFD6A7FF-7D40-4845-8786-FA07AE7042F3}.Release|Any CPU.ActiveCfg = Release|Any CPU
		{EFD6A7FF-7D40-4845-8786-FA07AE7042F3}.Release|Any CPU.Build.0 = Release|Any CPU
		{8D3C04B0-4363-A479-1BE4-DCB609D338A0}.Debug|Any CPU.ActiveCfg = Debug|Any CPU
		{8D3C04B0-4363-A479-1BE4-DCB609D338A0}.Debug|Any CPU.Build.0 = Debug|Any CPU
		{8D3C04B0-4363-A479-1BE4-DCB609D338A0}.Release|Any CPU.ActiveCfg = Release|Any CPU
		{8D3C04B0-4363-A479-1BE4-DCB609D338A0}.Release|Any CPU.Build.0 = Release|Any CPU
		{9D5CFF3C-0ECE-22BE-9BF4-2387FC857836}.Debug|Any CPU.ActiveCfg = Debug|Any CPU
		{9D5CFF3C-0ECE-22BE-9BF4-2387FC857836}.Debug|Any CPU.Build.0 = Debug|Any CPU
		{9D5CFF3C-0ECE-22BE-9BF4-2387FC857836}.Release|Any CPU.ActiveCfg = Release|Any CPU
		{9D5CFF3C-0ECE-22BE-9BF4-2387FC857836}.Release|Any CPU.Build.0 = Release|Any CPU
		{D9E35C41-2861-93E5-DB41-A5B70C7F17E7}.Debug|Any CPU.ActiveCfg = Debug|Any CPU
		{D9E35C41-2861-93E5-DB41-A5B70C7F17E7}.Debug|Any CPU.Build.0 = Debug|Any CPU
		{D9E35C41-2861-93E5-DB41-A5B70C7F17E7}.Release|Any CPU.ActiveCfg = Release|Any CPU
		{D9E35C41-2861-93E5-DB41-A5B70C7F17E7}.Release|Any CPU.Build.0 = Release|Any CPU
		{FB9DB03C-7FDE-8E7E-94FC-B4D212254121}.Debug|Any CPU.ActiveCfg = Debug|Any CPU
		{FB9DB03C-7FDE-8E7E-94FC-B4D212254121}.Debug|Any CPU.Build.0 = Debug|Any CPU
		{FB9DB03C-7FDE-8E7E-94FC-B4D212254121}.Release|Any CPU.ActiveCfg = Release|Any CPU
		{FB9DB03C-7FDE-8E7E-94FC-B4D212254121}.Release|Any CPU.Build.0 = Release|Any CPU
		{DB7DCB7C-0451-5A45-39AE-CA345B6D50E7}.Debug|Any CPU.ActiveCfg = Debug|Any CPU
		{DB7DCB7C-0451-5A45-39AE-CA345B6D50E7}.Debug|Any CPU.Build.0 = Debug|Any CPU
		{DB7DCB7C-0451-5A45-39AE-CA345B6D50E7}.Release|Any CPU.ActiveCfg = Release|Any CPU
		{DB7DCB7C-0451-5A45-39AE-CA345B6D50E7}.Release|Any CPU.Build.0 = Release|Any CPU
		{A30DCFBE-5517-6F18-A7DE-0E422CA3AB71}.Debug|Any CPU.ActiveCfg = Debug|Any CPU
		{A30DCFBE-5517-6F18-A7DE-0E422CA3AB71}.Debug|Any CPU.Build.0 = Debug|Any CPU
		{A30DCFBE-5517-6F18-A7DE-0E422CA3AB71}.Release|Any CPU.ActiveCfg = Release|Any CPU
		{A30DCFBE-5517-6F18-A7DE-0E422CA3AB71}.Release|Any CPU.Build.0 = Release|Any CPU
		{606F696C-6C6F-6E2D-CA4A-325AACF191A8}.Debug|Any CPU.ActiveCfg = Debug|Any CPU
		{606F696C-6C6F-6E2D-CA4A-325AACF191A8}.Debug|Any CPU.Build.0 = Debug|Any CPU
		{606F696C-6C6F-6E2D-CA4A-325AACF191A8}.Release|Any CPU.ActiveCfg = Release|Any CPU
		{606F696C-6C6F-6E2D-CA4A-325AACF191A8}.Release|Any CPU.Build.0 = Release|Any CPU
		{530C3A8F-989C-DF00-84FF-C44A497035D3}.Debug|Any CPU.ActiveCfg = Debug|Any CPU
		{530C3A8F-989C-DF00-84FF-C44A497035D3}.Debug|Any CPU.Build.0 = Debug|Any CPU
		{530C3A8F-989C-DF00-84FF-C44A497035D3}.Release|Any CPU.ActiveCfg = Release|Any CPU
		{530C3A8F-989C-DF00-84FF-C44A497035D3}.Release|Any CPU.Build.0 = Release|Any CPU
		{04C8BE2B-6EFA-0091-EC28-6F35025A08BB}.Debug|Any CPU.ActiveCfg = Debug|Any CPU
		{04C8BE2B-6EFA-0091-EC28-6F35025A08BB}.Debug|Any CPU.Build.0 = Debug|Any CPU
		{04C8BE2B-6EFA-0091-EC28-6F35025A08BB}.Release|Any CPU.ActiveCfg = Release|Any CPU
		{04C8BE2B-6EFA-0091-EC28-6F35025A08BB}.Release|Any CPU.Build.0 = Release|Any CPU
		{277675A5-BD62-E750-3E76-95AE6B6F22DC}.Debug|Any CPU.ActiveCfg = Debug|Any CPU
		{277675A5-BD62-E750-3E76-95AE6B6F22DC}.Debug|Any CPU.Build.0 = Debug|Any CPU
		{277675A5-BD62-E750-3E76-95AE6B6F22DC}.Release|Any CPU.ActiveCfg = Release|Any CPU
		{277675A5-BD62-E750-3E76-95AE6B6F22DC}.Release|Any CPU.Build.0 = Release|Any CPU
		{5FCE73CF-CECE-C9F1-892B-67C441301B4A}.Debug|Any CPU.ActiveCfg = Debug|Any CPU
		{5FCE73CF-CECE-C9F1-892B-67C441301B4A}.Debug|Any CPU.Build.0 = Debug|Any CPU
		{5FCE73CF-CECE-C9F1-892B-67C441301B4A}.Release|Any CPU.ActiveCfg = Release|Any CPU
		{5FCE73CF-CECE-C9F1-892B-67C441301B4A}.Release|Any CPU.Build.0 = Release|Any CPU
		{4E36C1A3-A020-D387-6395-A014EA9488BF}.Debug|Any CPU.ActiveCfg = Debug|Any CPU
		{4E36C1A3-A020-D387-6395-A014EA9488BF}.Debug|Any CPU.Build.0 = Debug|Any CPU
		{4E36C1A3-A020-D387-6395-A014EA9488BF}.Release|Any CPU.ActiveCfg = Release|Any CPU
		{4E36C1A3-A020-D387-6395-A014EA9488BF}.Release|Any CPU.Build.0 = Release|Any CPU
		{A244175D-352A-089C-EEAF-35E869917A8C}.Debug|Any CPU.ActiveCfg = Debug|Any CPU
		{A244175D-352A-089C-EEAF-35E869917A8C}.Debug|Any CPU.Build.0 = Debug|Any CPU
		{A244175D-352A-089C-EEAF-35E869917A8C}.Release|Any CPU.ActiveCfg = Release|Any CPU
		{A244175D-352A-089C-EEAF-35E869917A8C}.Release|Any CPU.Build.0 = Release|Any CPU
		{48E07743-71FB-57D5-F81F-579E8CE58E9B}.Debug|Any CPU.ActiveCfg = Debug|Any CPU
		{48E07743-71FB-57D5-F81F-579E8CE58E9B}.Debug|Any CPU.Build.0 = Debug|Any CPU
		{48E07743-71FB-57D5-F81F-579E8CE58E9B}.Release|Any CPU.ActiveCfg = Release|Any CPU
		{48E07743-71FB-57D5-F81F-579E8CE58E9B}.Release|Any CPU.Build.0 = Release|Any CPU
		{EAEAA270-06E4-305A-9BA3-1308372EC8B2}.Debug|Any CPU.ActiveCfg = Debug|Any CPU
		{EAEAA270-06E4-305A-9BA3-1308372EC8B2}.Debug|Any CPU.Build.0 = Debug|Any CPU
		{EAEAA270-06E4-305A-9BA3-1308372EC8B2}.Release|Any CPU.ActiveCfg = Release|Any CPU
		{EAEAA270-06E4-305A-9BA3-1308372EC8B2}.Release|Any CPU.Build.0 = Release|Any CPU
		{1EA29D03-7C35-0974-84B2-B449EFC04F6F}.Debug|Any CPU.ActiveCfg = Debug|Any CPU
		{1EA29D03-7C35-0974-84B2-B449EFC04F6F}.Debug|Any CPU.Build.0 = Debug|Any CPU
		{1EA29D03-7C35-0974-84B2-B449EFC04F6F}.Release|Any CPU.ActiveCfg = Release|Any CPU
		{1EA29D03-7C35-0974-84B2-B449EFC04F6F}.Release|Any CPU.Build.0 = Release|Any CPU
		{AA20098C-AFBB-FDCD-BAF0-31A4A1A05A73}.Debug|Any CPU.ActiveCfg = Debug|Any CPU
		{AA20098C-AFBB-FDCD-BAF0-31A4A1A05A73}.Debug|Any CPU.Build.0 = Debug|Any CPU
		{AA20098C-AFBB-FDCD-BAF0-31A4A1A05A73}.Release|Any CPU.ActiveCfg = Release|Any CPU
		{AA20098C-AFBB-FDCD-BAF0-31A4A1A05A73}.Release|Any CPU.Build.0 = Release|Any CPU
		{A15E0183-E481-BF32-DADC-4E23CFE4661F}.Debug|Any CPU.ActiveCfg = Debug|Any CPU
		{A15E0183-E481-BF32-DADC-4E23CFE4661F}.Debug|Any CPU.Build.0 = Debug|Any CPU
		{A15E0183-E481-BF32-DADC-4E23CFE4661F}.Release|Any CPU.ActiveCfg = Release|Any CPU
		{A15E0183-E481-BF32-DADC-4E23CFE4661F}.Release|Any CPU.Build.0 = Release|Any CPU
		{6E3D37A5-B4D3-E36A-ABF4-891BE9572B18}.Debug|Any CPU.ActiveCfg = Debug|Any CPU
		{6E3D37A5-B4D3-E36A-ABF4-891BE9572B18}.Debug|Any CPU.Build.0 = Debug|Any CPU
		{6E3D37A5-B4D3-E36A-ABF4-891BE9572B18}.Release|Any CPU.ActiveCfg = Release|Any CPU
		{6E3D37A5-B4D3-E36A-ABF4-891BE9572B18}.Release|Any CPU.Build.0 = Release|Any CPU
		{343AD933-96EB-0F06-7E3A-541F7654D610}.Debug|Any CPU.ActiveCfg = Debug|Any CPU
		{343AD933-96EB-0F06-7E3A-541F7654D610}.Debug|Any CPU.Build.0 = Debug|Any CPU
		{343AD933-96EB-0F06-7E3A-541F7654D610}.Release|Any CPU.ActiveCfg = Release|Any CPU
		{343AD933-96EB-0F06-7E3A-541F7654D610}.Release|Any CPU.Build.0 = Release|Any CPU
		{2AF150A1-D4A8-5980-A3AF-65EBBF691BE4}.Debug|Any CPU.ActiveCfg = Debug|Any CPU
		{2AF150A1-D4A8-5980-A3AF-65EBBF691BE4}.Debug|Any CPU.Build.0 = Debug|Any CPU
		{2AF150A1-D4A8-5980-A3AF-65EBBF691BE4}.Release|Any CPU.ActiveCfg = Release|Any CPU
		{2AF150A1-D4A8-5980-A3AF-65EBBF691BE4}.Release|Any CPU.Build.0 = Release|Any CPU
		{E9EA3017-014D-6394-EC72-9EC69924E40E}.Debug|Any CPU.ActiveCfg = Debug|Any CPU
		{E9EA3017-014D-6394-EC72-9EC69924E40E}.Debug|Any CPU.Build.0 = Debug|Any CPU
		{E9EA3017-014D-6394-EC72-9EC69924E40E}.Release|Any CPU.ActiveCfg = Release|Any CPU
		{E9EA3017-014D-6394-EC72-9EC69924E40E}.Release|Any CPU.Build.0 = Release|Any CPU
		{49EDAA4B-1064-781D-5151-C81FB4C6A1DB}.Debug|Any CPU.ActiveCfg = Debug|Any CPU
		{49EDAA4B-1064-781D-5151-C81FB4C6A1DB}.Debug|Any CPU.Build.0 = Debug|Any CPU
		{49EDAA4B-1064-781D-5151-C81FB4C6A1DB}.Release|Any CPU.ActiveCfg = Release|Any CPU
		{49EDAA4B-1064-781D-5151-C81FB4C6A1DB}.Release|Any CPU.Build.0 = Release|Any CPU
		{0FB6443C-1E60-9153-07CB-0C4E9A4BFF2A}.Debug|Any CPU.ActiveCfg = Debug|Any CPU
		{0FB6443C-1E60-9153-07CB-0C4E9A4BFF2A}.Debug|Any CPU.Build.0 = Debug|Any CPU
		{0FB6443C-1E60-9153-07CB-0C4E9A4BFF2A}.Release|Any CPU.ActiveCfg = Release|Any CPU
		{0FB6443C-1E60-9153-07CB-0C4E9A4BFF2A}.Release|Any CPU.Build.0 = Release|Any CPU
		{1F778202-9B9B-5A2D-0DE0-91DEE9DA86EB}.Debug|Any CPU.ActiveCfg = Debug|Any CPU
		{1F778202-9B9B-5A2D-0DE0-91DEE9DA86EB}.Debug|Any CPU.Build.0 = Debug|Any CPU
		{1F778202-9B9B-5A2D-0DE0-91DEE9DA86EB}.Release|Any CPU.ActiveCfg = Release|Any CPU
		{1F778202-9B9B-5A2D-0DE0-91DEE9DA86EB}.Release|Any CPU.Build.0 = Release|Any CPU
		{974EC120-55DF-5F82-E435-4F9B7D0482B9}.Debug|Any CPU.ActiveCfg = Debug|Any CPU
		{974EC120-55DF-5F82-E435-4F9B7D0482B9}.Debug|Any CPU.Build.0 = Debug|Any CPU
		{974EC120-55DF-5F82-E435-4F9B7D0482B9}.Release|Any CPU.ActiveCfg = Release|Any CPU
		{974EC120-55DF-5F82-E435-4F9B7D0482B9}.Release|Any CPU.Build.0 = Release|Any CPU
		{D4619D5A-B428-AEC1-5AD8-0752E3E17962}.Debug|Any CPU.ActiveCfg = Debug|Any CPU
		{D4619D5A-B428-AEC1-5AD8-0752E3E17962}.Debug|Any CPU.Build.0 = Debug|Any CPU
		{D4619D5A-B428-AEC1-5AD8-0752E3E17962}.Release|Any CPU.ActiveCfg = Release|Any CPU
		{D4619D5A-B428-AEC1-5AD8-0752E3E17962}.Release|Any CPU.Build.0 = Release|Any CPU
		{ADC50B5F-0524-13C1-3022-5FC340A519F9}.Debug|Any CPU.ActiveCfg = Debug|Any CPU
		{ADC50B5F-0524-13C1-3022-5FC340A519F9}.Debug|Any CPU.Build.0 = Debug|Any CPU
		{ADC50B5F-0524-13C1-3022-5FC340A519F9}.Release|Any CPU.ActiveCfg = Release|Any CPU
		{ADC50B5F-0524-13C1-3022-5FC340A519F9}.Release|Any CPU.Build.0 = Release|Any CPU
		{1A4B5E4E-021F-6D79-1D95-78734DA55AE8}.Debug|Any CPU.ActiveCfg = Debug|Any CPU
		{1A4B5E4E-021F-6D79-1D95-78734DA55AE8}.Debug|Any CPU.Build.0 = Debug|Any CPU
		{1A4B5E4E-021F-6D79-1D95-78734DA55AE8}.Release|Any CPU.ActiveCfg = Release|Any CPU
		{1A4B5E4E-021F-6D79-1D95-78734DA55AE8}.Release|Any CPU.Build.0 = Release|Any CPU
		{EC37F916-43B5-1002-97F0-09ED2AE58A05}.Debug|Any CPU.ActiveCfg = Debug|Any CPU
		{EC37F916-43B5-1002-97F0-09ED2AE58A05}.Debug|Any CPU.Build.0 = Debug|Any CPU
		{EC37F916-43B5-1002-97F0-09ED2AE58A05}.Release|Any CPU.ActiveCfg = Release|Any CPU
		{EC37F916-43B5-1002-97F0-09ED2AE58A05}.Release|Any CPU.Build.0 = Release|Any CPU
		{C508DDC0-D3DB-D319-E17E-96C80A530733}.Debug|Any CPU.ActiveCfg = Debug|Any CPU
		{C508DDC0-D3DB-D319-E17E-96C80A530733}.Debug|Any CPU.Build.0 = Debug|Any CPU
		{C508DDC0-D3DB-D319-E17E-96C80A530733}.Release|Any CPU.ActiveCfg = Release|Any CPU
		{C508DDC0-D3DB-D319-E17E-96C80A530733}.Release|Any CPU.Build.0 = Release|Any CPU
		{6304A077-3888-03CB-B170-5C95CBFE7756}.Debug|Any CPU.ActiveCfg = Debug|Any CPU
		{6304A077-3888-03CB-B170-5C95CBFE7756}.Debug|Any CPU.Build.0 = Debug|Any CPU
		{6304A077-3888-03CB-B170-5C95CBFE7756}.Release|Any CPU.ActiveCfg = Release|Any CPU
		{6304A077-3888-03CB-B170-5C95CBFE7756}.Release|Any CPU.Build.0 = Release|Any CPU
		{8376EE44-8DBF-2B71-96E7-DA646CC3EA59}.Debug|Any CPU.ActiveCfg = Debug|Any CPU
		{8376EE44-8DBF-2B71-96E7-DA646CC3EA59}.Debug|Any CPU.Build.0 = Debug|Any CPU
		{8376EE44-8DBF-2B71-96E7-DA646CC3EA59}.Release|Any CPU.ActiveCfg = Release|Any CPU
		{8376EE44-8DBF-2B71-96E7-DA646CC3EA59}.Release|Any CPU.Build.0 = Release|Any CPU
		{A74E69A7-EA2D-4394-0EB0-B4FF72D8CB0B}.Debug|Any CPU.ActiveCfg = Debug|Any CPU
		{A74E69A7-EA2D-4394-0EB0-B4FF72D8CB0B}.Debug|Any CPU.Build.0 = Debug|Any CPU
		{A74E69A7-EA2D-4394-0EB0-B4FF72D8CB0B}.Release|Any CPU.ActiveCfg = Release|Any CPU
		{A74E69A7-EA2D-4394-0EB0-B4FF72D8CB0B}.Release|Any CPU.Build.0 = Release|Any CPU
		{D0693686-08FB-A21A-70F3-CFC1863CB8CC}.Debug|Any CPU.ActiveCfg = Debug|Any CPU
		{D0693686-08FB-A21A-70F3-CFC1863CB8CC}.Debug|Any CPU.Build.0 = Debug|Any CPU
		{D0693686-08FB-A21A-70F3-CFC1863CB8CC}.Release|Any CPU.ActiveCfg = Release|Any CPU
		{D0693686-08FB-A21A-70F3-CFC1863CB8CC}.Release|Any CPU.Build.0 = Release|Any CPU
		{4DB8628F-97A7-2A47-E7CF-98A3F1EFFE17}.Debug|Any CPU.ActiveCfg = Debug|Any CPU
		{4DB8628F-97A7-2A47-E7CF-98A3F1EFFE17}.Debug|Any CPU.Build.0 = Debug|Any CPU
		{4DB8628F-97A7-2A47-E7CF-98A3F1EFFE17}.Release|Any CPU.ActiveCfg = Release|Any CPU
		{4DB8628F-97A7-2A47-E7CF-98A3F1EFFE17}.Release|Any CPU.Build.0 = Release|Any CPU
		{5AF48B6E-61C0-3045-95EE-CECE219D1E98}.Debug|Any CPU.ActiveCfg = Debug|Any CPU
		{5AF48B6E-61C0-3045-95EE-CECE219D1E98}.Debug|Any CPU.Build.0 = Debug|Any CPU
		{5AF48B6E-61C0-3045-95EE-CECE219D1E98}.Release|Any CPU.ActiveCfg = Release|Any CPU
		{5AF48B6E-61C0-3045-95EE-CECE219D1E98}.Release|Any CPU.Build.0 = Release|Any CPU
		{1F1FD57A-D05C-E8F8-3140-F3E327837A51}.Debug|Any CPU.ActiveCfg = Debug|Any CPU
		{1F1FD57A-D05C-E8F8-3140-F3E327837A51}.Debug|Any CPU.Build.0 = Debug|Any CPU
		{1F1FD57A-D05C-E8F8-3140-F3E327837A51}.Release|Any CPU.ActiveCfg = Release|Any CPU
		{1F1FD57A-D05C-E8F8-3140-F3E327837A51}.Release|Any CPU.Build.0 = Release|Any CPU
		{675CEF5C-1747-0F81-3CBA-5D5B494EB7E8}.Debug|Any CPU.ActiveCfg = Debug|Any CPU
		{675CEF5C-1747-0F81-3CBA-5D5B494EB7E8}.Debug|Any CPU.Build.0 = Debug|Any CPU
		{675CEF5C-1747-0F81-3CBA-5D5B494EB7E8}.Release|Any CPU.ActiveCfg = Release|Any CPU
		{675CEF5C-1747-0F81-3CBA-5D5B494EB7E8}.Release|Any CPU.Build.0 = Release|Any CPU
		{ED595642-8B34-A0CA-D8AF-1CE3C15473FB}.Debug|Any CPU.ActiveCfg = Debug|Any CPU
		{ED595642-8B34-A0CA-D8AF-1CE3C15473FB}.Debug|Any CPU.Build.0 = Debug|Any CPU
		{ED595642-8B34-A0CA-D8AF-1CE3C15473FB}.Release|Any CPU.ActiveCfg = Release|Any CPU
		{ED595642-8B34-A0CA-D8AF-1CE3C15473FB}.Release|Any CPU.Build.0 = Release|Any CPU
		{F7F4AEFD-FEF9-0124-C03C-AF96D71C4F32}.Debug|Any CPU.ActiveCfg = Debug|Any CPU
		{F7F4AEFD-FEF9-0124-C03C-AF96D71C4F32}.Debug|Any CPU.Build.0 = Debug|Any CPU
		{F7F4AEFD-FEF9-0124-C03C-AF96D71C4F32}.Release|Any CPU.ActiveCfg = Release|Any CPU
		{F7F4AEFD-FEF9-0124-C03C-AF96D71C4F32}.Release|Any CPU.Build.0 = Release|Any CPU
		{DB5B2523-7214-F119-7A14-4E7B8E920BA9}.Debug|Any CPU.ActiveCfg = Debug|Any CPU
		{DB5B2523-7214-F119-7A14-4E7B8E920BA9}.Debug|Any CPU.Build.0 = Debug|Any CPU
		{DB5B2523-7214-F119-7A14-4E7B8E920BA9}.Release|Any CPU.ActiveCfg = Release|Any CPU
		{DB5B2523-7214-F119-7A14-4E7B8E920BA9}.Release|Any CPU.Build.0 = Release|Any CPU
	EndGlobalSection
	GlobalSection(SolutionProperties) = preSolution
		HideSolutionNode = FALSE
	EndGlobalSection
EndGlobal
